
Microsoft Visual Studio Solution File, Format Version 12.00
# Visual Studio 15
VisualStudioVersion = 15.0.27428.2005
MinimumVisualStudioVersion = 10.0.40219.1
Project("{FAE04EC0-301F-11D3-BF4B-00C04F79EFBC}") = "NumberParserExtended", "NumberParserExtended\NumberParserExtended.csproj", "{24DC95EC-2191-4DB4-9A2F-0B90DADB3938}"
EndProject
Project("{FAE04EC0-301F-11D3-BF4B-00C04F79EFBC}") = "NumberParserExtended.Common", "NumberParserExtended.Common\NumberParserExtended.Common.csproj", "{46E47BBF-5BA9-4E08-B494-8E790667B0F7}"
EndProject
Project("{FAE04EC0-301F-11D3-BF4B-00C04F79EFBC}") = "NumberParserExtended.XUnitTestProject", "NumberParserExtended.XUnitTestProject\NumberParserExtended.XUnitTestProject.csproj", "{9E4936BC-BE15-4963-97A8-0B30B64CADE1}"
EndProject
Project("{2150E333-8FDC-42A3-9474-1A3956D46DE8}") = "Solution Items", "Solution Items", "{E534D0AF-4B24-4E25-926C-9AA986578790}"
	ProjectSection(SolutionItems) = preProject
		NumberParserExtended.txt = NumberParserExtended.txt
	EndProjectSection
EndProject
Global
	GlobalSection(SolutionConfigurationPlatforms) = preSolution
		Debug|Any CPU = Debug|Any CPU
		Release|Any CPU = Release|Any CPU
	EndGlobalSection
	GlobalSection(ProjectConfigurationPlatforms) = postSolution
		{24DC95EC-2191-4DB4-9A2F-0B90DADB3938}.Debug|Any CPU.ActiveCfg = Debug|Any CPU
		{24DC95EC-2191-4DB4-9A2F-0B90DADB3938}.Debug|Any CPU.Build.0 = Debug|Any CPU
		{24DC95EC-2191-4DB4-9A2F-0B90DADB3938}.Release|Any CPU.ActiveCfg = Release|Any CPU
		{24DC95EC-2191-4DB4-9A2F-0B90DADB3938}.Release|Any CPU.Build.0 = Release|Any CPU
		{46E47BBF-5BA9-4E08-B494-8E790667B0F7}.Debug|Any CPU.ActiveCfg = Debug|Any CPU
		{46E47BBF-5BA9-4E08-B494-8E790667B0F7}.Debug|Any CPU.Build.0 = Debug|Any CPU
		{46E47BBF-5BA9-4E08-B494-8E790667B0F7}.Release|Any CPU.ActiveCfg = Release|Any CPU
		{46E47BBF-5BA9-4E08-B494-8E790667B0F7}.Release|Any CPU.Build.0 = Release|Any CPU
		{9E4936BC-BE15-4963-97A8-0B30B64CADE1}.Debug|Any CPU.ActiveCfg = Debug|Any CPU
		{9E4936BC-BE15-4963-97A8-0B30B64CADE1}.Debug|Any CPU.Build.0 = Debug|Any CPU
		{9E4936BC-BE15-4963-97A8-0B30B64CADE1}.Release|Any CPU.ActiveCfg = Release|Any CPU
		{9E4936BC-BE15-4963-97A8-0B30B64CADE1}.Release|Any CPU.Build.0 = Release|Any CPU
	EndGlobalSection
	GlobalSection(SolutionProperties) = preSolution
		HideSolutionNode = FALSE
	EndGlobalSection
	GlobalSection(ExtensibilityGlobals) = postSolution
		SolutionGuid = {88BF4072-77F0-46EE-BFD1-642D5FC79348}
	EndGlobalSection
EndGlobal
